github.com/boggydigital/busan v0.1.0 h1:mUpe4b3vdt9Kcf4Z/C2YSuX5L7ru+J/iZW+IcSfW0cM=
github.com/boggydigital/busan v0.1.0/go.mod h1:0IjeMKwqaO94r8f28at/2UHhqV2FAN6ufFaLEbur/YU=
github.com/boggydigital/testo v0.1.8 h1:NKuKLpWKn8gG3dYq8xNrFYHimxoCTdzLOs242q6jeQo=
github.com/boggydigital/testo v0.1.8/go.mod h1:8JTO6UKeQPsHS82vbCH/3NLDfewmr/84vVQ6rNLdCas=
github.com/boggydigital/wits v0.2.3 h1:Z0eB+QlIA18fJmblyV6ZJQ/swPYSFhOxfgMXOQz4/c8=
github.com/boggydigital/wits v0.2.3/go.mod h1:aR/z0vfMLtg0b4hcts0qiSTZcA51O8A2N3U9laqd2Lc=
golang.org/x/exp v0.0.0-20240506185415-9bf2ced13842 h1:vr/HnozRka3pE4EsMEg1lgkXJkTFJCVUX+S/ZT6wYzM=
golang.org/x/exp v0.0.0-20240506185415-9bf2ced13842/go.mod h1:XtvwrStGgqGPLc4cjQfWqZHG1YFdYs6swckp8vpsjnc=
golang.org/x/exp v0.0.0-20240613232115-7f521ea00fb8 h1:yixxcjnhBmY0nkL253HFVIm0JsFHwrHdT3Yh6szTnfY=
golang.org/x/exp v0.0.0-20240613232115-7f521ea00fb8/go.mod h1:jj3sYF3dwk5D+ghuXyeI3r5MFf+NT2An6/9dOA95KSI=
