github.com/boggydigital/busan v0.1.1 h1:sP0vbrgazePvThZZh0pQdn9BfWkvdQGTaQLF2YQliAo=
github.com/boggydigital/busan v0.1.1/go.mod h1:aqtJoRSrX5bpQrA0nS7t7Btfl0qkolJ4pd+TNslKQmU=
github.com/boggydigital/testo v0.1.8 h1:NKuKLpWKn8gG3dYq8xNrFYHimxoCTdzLOs242q6jeQo=
github.com/boggydigital/testo v0.1.8/go.mod h1:8JTO6UKeQPsHS82vbCH/3NLDfewmr/84vVQ6rNLdCas=
