github.com/boggydigital/pathways v0.2.1 h1:yf7LjvBlY7EfaLwrCDYJTxJe3XXS+DyZBWFFMJ7ipWo=
github.com/boggydigital/pathways v0.2.1/go.mod h1:4zo+EQWew/KR0h2zOCtZQq6DL7zvhdDOcHWXm17nYDI=
github.com/boggydigital/testo v0.1.8 h1:NKuKLpWKn8gG3dYq8xNrFYHimxoCTdzLOs242q6jeQo=
github.com/boggydigital/testo v0.1.8/go.mod h1:8JTO6UKeQPsHS82vbCH/3NLDfewmr/84vVQ6rNLdCas=
